Microsoft Visual Studio Solution File, Format Version 12.00
# Visual Studio Version 17
VisualStudioVersion = 17.5.2.0
MinimumVisualStudioVersion = 10.0.40219.1
Project("{FAE04EC0-301F-11D3-BF4B-00C04F79EFBC}") = "HotelManager.ConsoleApp", "HotelManager.ConsoleApp\HotelManager.ConsoleApp.csproj", "{9248922E-75C1-49F1-946D-C859E4854C78}"
EndProject
Project("{FAE04EC0-301F-11D3-BF4B-00C04F79EFBC}") = "HotelManager.Tests", "HotelManager.Tests\HotelManager.Tests.csproj", "{B39572F8-8397-4779-BDA0-99EC905BE7A6}"
EndProject
Global
	GlobalSection(SolutionConfigurationPlatforms) = preSolution
		Debug|Any CPU = Debug|Any CPU
		Release|Any CPU = Release|Any CPU
	EndGlobalSection
	GlobalSection(ProjectConfigurationPlatforms) = postSolution
		{A9687D63-2BFA-E81F-481D-3E6FC471B656}.Debug|Any CPU.ActiveCfg = Debug|Any CPU
		{A9687D63-2BFA-E81F-481D-3E6FC471B656}.Debug|Any CPU.Build.0 = Debug|Any CPU
		{A9687D63-2BFA-E81F-481D-3E6FC471B656}.Release|Any CPU.ActiveCfg = Release|Any CPU
		{A9687D63-2BFA-E81F-481D-3E6FC471B656}.Release|Any CPU.Build.0 = Release|Any CPU
		{9248922E-75C1-49F1-946D-C859E4854C78}.Debug|Any CPU.ActiveCfg = Debug|Any CPU
		{9248922E-75C1-49F1-946D-C859E4854C78}.Debug|Any CPU.Build.0 = Debug|Any CPU
		{9248922E-75C1-49F1-946D-C859E4854C78}.Release|Any CPU.ActiveCfg = Release|Any CPU
		{9248922E-75C1-49F1-946D-C859E4854C78}.Release|Any CPU.Build.0 = Release|Any CPU
	EndGlobalSection
	GlobalSection(SolutionProperties) = preSolution
		HideSolutionNode = FALSE
	EndGlobalSection
	GlobalSection(ExtensibilityGlobals) = postSolution
		SolutionGuid = {54C78CD9-9A6E-49AD-9683-682AC7F12320}
	EndGlobalSection
EndGlobal
